
Microsoft Visual Studio Solution File, Format Version 12.00
# Visual Studio 15
VisualStudioVersion = 15.0.28307.438
MinimumVisualStudioVersion = 10.0.40219.1
Project("{8BC9CEB8-8B4A-11D0-8D11-00A0C91BC942}") = "R-way Tries", "R-way Tries\R-way Tries.vcxproj", "{8C6C8B18-7A18-404C-853B-972FB79A44F4}"
EndProject
Global
	GlobalSection(SolutionConfigurationPlatforms) = preSolution
		Debug|x64 = Debug|x64
		Debug|x86 = Debug|x86
		Release|x64 = Release|x64
		Release|x86 = Release|x86
	EndGlobalSection
	GlobalSection(ProjectConfigurationPlatforms) = postSolution
		{8C6C8B18-7A18-404C-853B-972FB79A44F4}.Debug|x64.ActiveCfg = Debug|x64
		{8C6C8B18-7A18-404C-853B-972FB79A44F4}.Debug|x64.Build.0 = Debug|x64
		{8C6C8B18-7A18-404C-853B-972FB79A44F4}.Debug|x86.ActiveCfg = Debug|Win32
		{8C6C8B18-7A18-404C-853B-972FB79A44F4}.Debug|x86.Build.0 = Debug|Win32
		{8C6C8B18-7A18-404C-853B-972FB79A44F4}.Release|x64.ActiveCfg = Release|x64
		{8C6C8B18-7A18-404C-853B-972FB79A44F4}.Release|x64.Build.0 = Release|x64
		{8C6C8B18-7A18-404C-853B-972FB79A44F4}.Release|x86.ActiveCfg = Release|Win32
		{8C6C8B18-7A18-404C-853B-972FB79A44F4}.Release|x86.Build.0 = Release|Win32
	EndGlobalSection
	GlobalSection(SolutionProperties) = preSolution
		HideSolutionNode = FALSE
	EndGlobalSection
	GlobalSection(ExtensibilityGlobals) = postSolution
		SolutionGuid = {97F3F511-789B-40AC-ABBE-F3DF6C8C0FA8}
	EndGlobalSection
EndGlobal
